{
  "name": "@paulbarre/vuepress-plugin-firebase",
  "version": "1.0.0",
  "lockfileVersion": 1,
  "requires": true,
  "dependencies": {
    "@paulbarre/vue-firebase": {
      "version": "0.3.0",
      "resolved": "https://registry.npmjs.org/@paulbarre/vue-firebase/-/vue-firebase-0.3.0.tgz",
      "integrity": "sha512-2YXX53sJFjfFP+WLPrMPSONTr9HTsrD+haZzLkRdMJR7L+UcFbUJ/m5i+Xlfa6CmuKBVVEIGTlseCPOVfVENzQ==",
      "dev": true
    }
  }
}
